schema: '2.0'
stages:
  data_preprocessing:
    cmd: python -m src.ML_pipelines.stage_01_data_preprocessing --config=params.yaml
    deps:
    - path: src\ML_pipelines\stage_01_data_preprocessing.py
      md5: 309baa82034f5b2b0419f39a8a245c94
      size: 8910
    params:
      params.yaml:
        data_source.data_source: \data\processed\Input.csv
        preprocessed_data.preprocessed_dir: \data\preprocessed
    outs:
    - path: data\preprocessed\test.csv
      md5: 977aaae4aa2e72b8b988a74083fee7ba
      size: 6361972
    - path: data\preprocessed\train.csv
      md5: b820c726ae9847ea6b4efec002f1942d
      size: 18968650
  model_selection_and_tuning:
    cmd: python -m src.ML_pipelines.stage_02_model_selection_and_tuning --config=params.yaml
    deps:
    - path: data\preprocessed\test.csv
      md5: 977aaae4aa2e72b8b988a74083fee7ba
      size: 6361972
    - path: data\preprocessed\train.csv
      md5: b820c726ae9847ea6b4efec002f1942d
      size: 18968650
    - path: src\ML_pipelines\stage_02_model_selection_and_tuning.py
      md5: a22693cf5c2749d78bcd76b8d5c9af02
      size: 5122
    - path: src\utils\common_utils.py
      md5: ddc038da39338eff5170085eb0a64379
      size: 8779
    params:
      params.yaml:
        base.random_state: 42
        base.target_col: phishing
        preprocessed_data.test_data: \data\preprocessed\test.csv
        preprocessed_data.train_data: \data\preprocessed\train.csv
