schema: '2.0'
stages:
  data_ingestion:
    cmd: python src/Indian_Coin_Detection/pipeline/stage_01_data_ingestion.py
    deps:
    - path: config/config.yaml
      hash: md5
      md5: 5447a3e87c8367776a2e12f80c414fc3
      size: 503
    - path: src/Indian_Coin_Detection/pipeline/stage_01_data_ingestion.py
      hash: md5
      md5: 9df2e5e2bf4aff383b171d229352caff
      size: 1362
    outs:
    - path: artifacts/data_ingestion/coin-data-small
      hash: md5
      md5: 2680455cecac6a5166d06a6954593989.dir
      size: 20145576
      nfiles: 10
  training:
    cmd: python src/Indian_Coin_Detection/pipeline/stage_03_training.py
    deps:
    - path: artifacts/data_ingestion/coin-data-small
      hash: md5
      md5: 899dfc25e5dbbf2beadac20452a07930.dir
      size: 25481571
      nfiles: 12
    - path: config/config.yaml
      hash: md5
      md5: 5447a3e87c8367776a2e12f80c414fc3
      size: 503
    - path: src/Indian_Coin_Detection/pipeline/stage_03_training.py
      hash: md5
      md5: cf35f4b4d8b128c4bc16d4f02a62893a
      size: 931
    params:
      params.yaml:
        EPOCHS: 3
        IMAGE_SIZE: 640
    outs:
    - path: artifacts/training/model/temporary_model/
      hash: md5
      md5: fad89b4adae622b3851dff87ea75f367.dir
      size: 13698058
      nfiles: 10
